
Microsoft Visual Studio Solution File, Format Version 12.00
# Visual Studio 15
VisualStudioVersion = 15.0.26403.3
MinimumVisualStudioVersion = 10.0.40219.1
Project("{FAE04EC0-301F-11D3-BF4B-00C04F79EFBC}") = "SokobanCLI", "SokobanCLI\SokobanCLI.csproj", "{915B5EC3-8261-4F11-A070-8B212C1A8FEC}"
EndProject
Project("{FAE04EC0-301F-11D3-BF4B-00C04F79EFBC}") = "SokobanCLI.Models", "SokobanCLI.Models\SokobanCLI.Models.csproj", "{3E8ED8CB-BCF8-4889-837E-5739E8D3ACE4}"
EndProject
Project("{FAE04EC0-301F-11D3-BF4B-00C04F79EFBC}") = "SokobanCLI.GameLogic", "SokobanCLI.GameLogic\SokobanCLI.GameLogic.csproj", "{48FE1072-51BC-43F0-B485-B73AEA520000}"
EndProject
Project("{FAE04EC0-301F-11D3-BF4B-00C04F79EFBC}") = "SokobanCLI.Data", "SokobanCLI.Data\SokobanCLI.Data.csproj", "{02B996A4-5AC2-4575-A737-0A194DEC70BA}"
EndProject
Project("{FAE04EC0-301F-11D3-BF4B-00C04F79EFBC}") = "SokobanCLI.Ui", "SokobanCLI.Ui\SokobanCLI.Ui.csproj", "{F1250888-F04B-4603-870D-D8408200170C}"
EndProject
Project("{FAE04EC0-301F-11D3-BF4B-00C04F79EFBC}") = "SokobanCLI.Common", "SokobanCLI.Common\SokobanCLI.Common.csproj", "{25C58216-DE26-48B9-8892-5E79492C6DF3}"
EndProject
Project("{FAE04EC0-301F-11D3-BF4B-00C04F79EFBC}") = "SokobanCLI.Graphics", "SokobanCLI.Graphics\SokobanCLI.Graphics.csproj", "{A58957BE-6BAF-46AF-B20D-0489C5C85950}"
EndProject
Global
	GlobalSection(SolutionConfigurationPlatforms) = preSolution
		Debug|Any CPU = Debug|Any CPU
		Debug|x86 = Debug|x86
		Release|Any CPU = Release|Any CPU
		Release|x86 = Release|x86
	EndGlobalSection
	GlobalSection(ProjectConfigurationPlatforms) = postSolution
		{915B5EC3-8261-4F11-A070-8B212C1A8FEC}.Debug|Any CPU.ActiveCfg = Debug|x86
		{915B5EC3-8261-4F11-A070-8B212C1A8FEC}.Debug|x86.ActiveCfg = Debug|x86
		{915B5EC3-8261-4F11-A070-8B212C1A8FEC}.Debug|x86.Build.0 = Debug|x86
		{915B5EC3-8261-4F11-A070-8B212C1A8FEC}.Release|Any CPU.ActiveCfg = Release|x86
		{915B5EC3-8261-4F11-A070-8B212C1A8FEC}.Release|x86.ActiveCfg = Release|x86
		{915B5EC3-8261-4F11-A070-8B212C1A8FEC}.Release|x86.Build.0 = Release|x86
		{3E8ED8CB-BCF8-4889-837E-5739E8D3ACE4}.Debug|Any CPU.ActiveCfg = Debug|Any CPU
		{3E8ED8CB-BCF8-4889-837E-5739E8D3ACE4}.Debug|Any CPU.Build.0 = Debug|Any CPU
		{3E8ED8CB-BCF8-4889-837E-5739E8D3ACE4}.Debug|x86.ActiveCfg = Debug|Any CPU
		{3E8ED8CB-BCF8-4889-837E-5739E8D3ACE4}.Debug|x86.Build.0 = Debug|Any CPU
		{3E8ED8CB-BCF8-4889-837E-5739E8D3ACE4}.Release|Any CPU.ActiveCfg = Release|Any CPU
		{3E8ED8CB-BCF8-4889-837E-5739E8D3ACE4}.Release|Any CPU.Build.0 = Release|Any CPU
		{3E8ED8CB-BCF8-4889-837E-5739E8D3ACE4}.Release|x86.ActiveCfg = Release|Any CPU
		{3E8ED8CB-BCF8-4889-837E-5739E8D3ACE4}.Release|x86.Build.0 = Release|Any CPU
		{48FE1072-51BC-43F0-B485-B73AEA520000}.Debug|Any CPU.ActiveCfg = Debug|Any CPU
		{48FE1072-51BC-43F0-B485-B73AEA520000}.Debug|Any CPU.Build.0 = Debug|Any CPU
		{48FE1072-51BC-43F0-B485-B73AEA520000}.Debug|x86.ActiveCfg = Debug|Any CPU
		{48FE1072-51BC-43F0-B485-B73AEA520000}.Debug|x86.Build.0 = Debug|Any CPU
		{48FE1072-51BC-43F0-B485-B73AEA520000}.Release|Any CPU.ActiveCfg = Release|Any CPU
		{48FE1072-51BC-43F0-B485-B73AEA520000}.Release|Any CPU.Build.0 = Release|Any CPU
		{48FE1072-51BC-43F0-B485-B73AEA520000}.Release|x86.ActiveCfg = Release|Any CPU
		{48FE1072-51BC-43F0-B485-B73AEA520000}.Release|x86.Build.0 = Release|Any CPU
		{02B996A4-5AC2-4575-A737-0A194DEC70BA}.Debug|Any CPU.ActiveCfg = Debug|Any CPU
		{02B996A4-5AC2-4575-A737-0A194DEC70BA}.Debug|Any CPU.Build.0 = Debug|Any CPU
		{02B996A4-5AC2-4575-A737-0A194DEC70BA}.Debug|x86.ActiveCfg = Debug|Any CPU
		{02B996A4-5AC2-4575-A737-0A194DEC70BA}.Debug|x86.Build.0 = Debug|Any CPU
		{02B996A4-5AC2-4575-A737-0A194DEC70BA}.Release|Any CPU.ActiveCfg = Release|Any CPU
		{02B996A4-5AC2-4575-A737-0A194DEC70BA}.Release|Any CPU.Build.0 = Release|Any CPU
		{02B996A4-5AC2-4575-A737-0A194DEC70BA}.Release|x86.ActiveCfg = Release|Any CPU
		{02B996A4-5AC2-4575-A737-0A194DEC70BA}.Release|x86.Build.0 = Release|Any CPU
		{F1250888-F04B-4603-870D-D8408200170C}.Debug|Any CPU.ActiveCfg = Debug|Any CPU
		{F1250888-F04B-4603-870D-D8408200170C}.Debug|Any CPU.Build.0 = Debug|Any CPU
		{F1250888-F04B-4603-870D-D8408200170C}.Debug|x86.ActiveCfg = Debug|Any CPU
		{F1250888-F04B-4603-870D-D8408200170C}.Debug|x86.Build.0 = Debug|Any CPU
		{F1250888-F04B-4603-870D-D8408200170C}.Release|Any CPU.ActiveCfg = Release|Any CPU
		{F1250888-F04B-4603-870D-D8408200170C}.Release|Any CPU.Build.0 = Release|Any CPU
		{F1250888-F04B-4603-870D-D8408200170C}.Release|x86.ActiveCfg = Release|Any CPU
		{F1250888-F04B-4603-870D-D8408200170C}.Release|x86.Build.0 = Release|Any CPU
		{25C58216-DE26-48B9-8892-5E79492C6DF3}.Debug|Any CPU.ActiveCfg = Debug|Any CPU
		{25C58216-DE26-48B9-8892-5E79492C6DF3}.Debug|Any CPU.Build.0 = Debug|Any CPU
		{25C58216-DE26-48B9-8892-5E79492C6DF3}.Debug|x86.ActiveCfg = Debug|Any CPU
		{25C58216-DE26-48B9-8892-5E79492C6DF3}.Debug|x86.Build.0 = Debug|Any CPU
		{25C58216-DE26-48B9-8892-5E79492C6DF3}.Release|Any CPU.ActiveCfg = Release|Any CPU
		{25C58216-DE26-48B9-8892-5E79492C6DF3}.Release|Any CPU.Build.0 = Release|Any CPU
		{25C58216-DE26-48B9-8892-5E79492C6DF3}.Release|x86.ActiveCfg = Release|Any CPU
		{25C58216-DE26-48B9-8892-5E79492C6DF3}.Release|x86.Build.0 = Release|Any CPU
		{A58957BE-6BAF-46AF-B20D-0489C5C85950}.Debug|Any CPU.ActiveCfg = Debug|Any CPU
		{A58957BE-6BAF-46AF-B20D-0489C5C85950}.Debug|Any CPU.Build.0 = Debug|Any CPU
		{A58957BE-6BAF-46AF-B20D-0489C5C85950}.Debug|x86.ActiveCfg = Debug|Any CPU
		{A58957BE-6BAF-46AF-B20D-0489C5C85950}.Debug|x86.Build.0 = Debug|Any CPU
		{A58957BE-6BAF-46AF-B20D-0489C5C85950}.Release|Any CPU.ActiveCfg = Release|Any CPU
		{A58957BE-6BAF-46AF-B20D-0489C5C85950}.Release|Any CPU.Build.0 = Release|Any CPU
		{A58957BE-6BAF-46AF-B20D-0489C5C85950}.Release|x86.ActiveCfg = Release|Any CPU
		{A58957BE-6BAF-46AF-B20D-0489C5C85950}.Release|x86.Build.0 = Release|Any CPU
	EndGlobalSection
	GlobalSection(SolutionProperties) = preSolution
		HideSolutionNode = FALSE
	EndGlobalSection
EndGlobal
